// !$*UTF8*$!
{
	archiveVersion = 1;
	classes = {
	};
	objectVersion = 50;
	objects = {

/* Begin PBXBuildFile section */
		04AF00AC262CF53700AE1D79 /* AppDelegate.swift in Sources */ = {isa = PBXBuildFile; fileRef = 04AF00AB262CF53700AE1D79 /* AppDelegate.swift */; };
		04AF00AE262CF53700AE1D79 /* SceneDelegate.swift in Sources */ = {isa = PBXBuildFile; fileRef = 04AF00AD262CF53700AE1D79 /* SceneDelegate.swift */; };
		04AF00B0262CF53700AE1D79 /* ViewController.swift in Sources */ = {isa = PBXBuildFile; fileRef = 04AF00AF262CF53700AE1D79 /* ViewController.swift */; };
		04AF00B3262CF53700AE1D79 /* Main.storyboard in Resources */ = {isa = PBXBuildFile; fileRef = 04AF00B1262CF53700AE1D79 /* Main.storyboard */; };
		04AF00B5262CF53A00AE1D79 /* Assets.xcassets in Resources */ = {isa = PBXBuildFile; fileRef = 04AF00B4262CF53A00AE1D79 /* Assets.xcassets */; };
		04AF00B8262CF53A00AE1D79 /* LaunchScreen.storyboard in Resources */ = {isa = PBXBuildFile; fileRef = 04AF00B6262CF53A00AE1D79 /* LaunchScreen.storyboard */; };
		04AF00C2262CF68700AE1D79 /* batsuSound.mp3 in Resources */ = {isa = PBXBuildFile; fileRef = 04AF00C1262CF68700AE1D79 /* batsuSound.mp3 */; };
		04AF00C6262CF69400AE1D79 /* sound.mp3 in Resources */ = {isa = PBXBuildFile; fileRef = 04AF00C4262CF69400AE1D79 /* sound.mp3 */; };
		04AF00C7262CF69400AE1D79 /* maruSound.mp3 in Resources */ = {isa = PBXBuildFile; fileRef = 04AF00C5262CF69400AE1D79 /* maruSound.mp3 */; };
		04AF00CE262CF7CE00AE1D79 /* NextViewController.swift in Sources */ = {isa = PBXBuildFile; fileRef = 04AF00CD262CF7CE00AE1D79 /* NextViewController.swift */; };
		04AF00D1262CFCF000AE1D79 /* ImagesModel.swift in Sources */ = {isa = PBXBuildFile; fileRef = 04AF00D0262CFCF000AE1D79 /* ImagesModel.swift */; };
		04AF00D4262CFDA600AE1D79 /* ImagesList.swift in Sources */ = {isa = PBXBuildFile; fileRef = 04AF00D3262CFDA600AE1D79 /* ImagesList.swift */; };
		04AF00D7262D0ABD00AE1D79 /* SoundFile.swift in Sources */ = {isa = PBXBuildFile; fileRef = 04AF00D6262D0ABD00AE1D79 /* SoundFile.swift */; };
		04AF00DA262D0E2200AE1D79 /* Animal.swift in Sources */ = {isa = PBXBuildFile; fileRef = 04AF00D9262D0E2200AE1D79 /* Animal.swift */; };
		04AF00DD262D0E5600AE1D79 /* Human.swift in Sources */ = {isa = PBXBuildFile; fileRef = 04AF00DC262D0E5600AE1D79 /* Human.swift */; };
		04AF00E3262D103000AE1D79 /* WithOutMP3.swift in Sources */ = {isa = PBXBuildFile; fileRef = 04AF00E2262D103000AE1D79 /* WithOutMP3.swift */; };
		04AF00E7262D143B00AE1D79 /* ChangeColor.swift in Sources */ = {isa = PBXBuildFile; fileRef = 04AF00E6262D143B00AE1D79 /* ChangeColor.swift */; };
/* End PBXBuildFile section */

/* Begin PBXFileReference section */
		04AF00A8262CF53700AE1D79 /* QuestionApp1.app */ = {isa = PBXFileReference; explicitFileType = wrapper.application; includeInIndex = 0; path = QuestionApp1.app; sourceTree = BUILT_PRODUCTS_DIR; };
		04AF00AB262CF53700AE1D79 /* AppDelegate.swift */ = {isa = PBXFileReference; lastKnownFileType = sourcecode.swift; path = AppDelegate.swift; sourceTree = "<group>"; };
		04AF00AD262CF53700AE1D79 /* SceneDelegate.swift */ = {isa = PBXFileReference; lastKnownFileType = sourcecode.swift; path = SceneDelegate.swift; sourceTree = "<group>"; };
		04AF00AF262CF53700AE1D79 /* ViewController.swift */ = {isa = PBXFileReference; lastKnownFileType = sourcecode.swift; path = ViewController.swift; sourceTree = "<group>"; };
		04AF00B2262CF53700AE1D79 /* Base */ = {isa = PBXFileReference; lastKnownFileType = file.storyboard; name = Base; path = Base.lproj/Main.storyboard; sourceTree = "<group>"; };
		04AF00B4262CF53A00AE1D79 /* Assets.xcassets */ = {isa = PBXFileReference; lastKnownFileType = folder.assetcatalog; path = Assets.xcassets; sourceTree = "<group>"; };
		04AF00B7262CF53A00AE1D79 /* Base */ = {isa = PBXFileReference; lastKnownFileType = file.storyboard; name = Base; path = Base.lproj/LaunchScreen.storyboard; sourceTree = "<group>"; };
		04AF00B9262CF53A00AE1D79 /* Info.plist */ = {isa = PBXFileReference; lastKnownFileType = text.plist.xml; path = Info.plist; sourceTree = "<group>"; };
		04AF00C1262CF68700AE1D79 /* batsuSound.mp3 */ = {isa = PBXFileReference; lastKnownFileType = audio.mp3; path = batsuSound.mp3; sourceTree = "<group>"; };
		04AF00C4262CF69400AE1D79 /* sound.mp3 */ = {isa = PBXFileReference; lastKnownFileType = audio.mp3; path = sound.mp3; sourceTree = "<group>"; };
		04AF00C5262CF69400AE1D79 /* maruSound.mp3 */ = {isa = PBXFileReference; lastKnownFileType = audio.mp3; path = maruSound.mp3; sourceTree = "<group>"; };
		04AF00CD262CF7CE00AE1D79 /* NextViewController.swift */ = {isa = PBXFileReference; lastKnownFileType = sourcecode.swift; path = NextViewController.swift; sourceTree = "<group>"; };
		04AF00D0262CFCF000AE1D79 /* ImagesModel.swift */ = {isa = PBXFileReference; lastKnownFileType = sourcecode.swift; path = ImagesModel.swift; sourceTree = "<group>"; };
		04AF00D3262CFDA600AE1D79 /* ImagesList.swift */ = {isa = PBXFileReference; lastKnownFileType = sourcecode.swift; path = ImagesList.swift; sourceTree = "<group>"; };
		04AF00D6262D0ABD00AE1D79 /* SoundFile.swift */ = {isa = PBXFileReference; lastKnownFileType = sourcecode.swift; path = SoundFile.swift; sourceTree = "<group>"; };
		04AF00D9262D0E2200AE1D79 /* Animal.swift */ = {isa = PBXFileReference; lastKnownFileType = sourcecode.swift; path = Animal.swift; sourceTree = "<group>"; };
		04AF00DC262D0E5600AE1D79 /* Human.swift */ = {isa = PBXFileReference; lastKnownFileType = sourcecode.swift; path = Human.swift; sourceTree = "<group>"; };
		04AF00E2262D103000AE1D79 /* WithOutMP3.swift */ = {isa = PBXFileReference; lastKnownFileType = sourcecode.swift; path = WithOutMP3.swift; sourceTree = "<group>"; };
		04AF00E6262D143B00AE1D79 /* ChangeColor.swift */ = {isa = PBXFileReference; lastKnownFileType = sourcecode.swift; path = ChangeColor.swift; sourceTree = "<group>"; };
/* End PBXFileReference section */

/* Begin PBXFrameworksBuildPhase section */
		04AF00A5262CF53700AE1D79 /* Frameworks */ = {
			isa = PBXFrameworksBuildPhase;
			buildActionMask = 2147483647;
			files = (
			);
			runOnlyForDeploymentPostprocessing = 0;
		};
/* End PBXFrameworksBuildPhase section */

/* Begin PBXGroup section */
		04AF009F262CF53700AE1D79 = {
			isa = PBXGroup;
			children = (
				04AF00AA262CF53700AE1D79 /* QuestionApp1 */,
				04AF00A9262CF53700AE1D79 /* Products */,
			);
			sourceTree = "<group>";
		};
		04AF00A9262CF53700AE1D79 /* Products */ = {
			isa = PBXGroup;
			children = (
				04AF00A8262CF53700AE1D79 /* QuestionApp1.app */,
			);
			name = Products;
			sourceTree = "<group>";
		};
		04AF00AA262CF53700AE1D79 /* QuestionApp1 */ = {
			isa = PBXGroup;
			children = (
				04AF00C9262CF70000AE1D79 /* Model */,
				04AF00CA262CF70D00AE1D79 /* View */,
				04AF00CB262CF71700AE1D79 /* Controller */,
				04AF00C1262CF68700AE1D79 /* batsuSound.mp3 */,
				04AF00C5262CF69400AE1D79 /* maruSound.mp3 */,
				04AF00C4262CF69400AE1D79 /* sound.mp3 */,
				04AF00B6262CF53A00AE1D79 /* LaunchScreen.storyboard */,
				04AF00B9262CF53A00AE1D79 /* Info.plist */,
			);
			path = QuestionApp1;
			sourceTree = "<group>";
		};
		04AF00C9262CF70000AE1D79 /* Model */ = {
			isa = PBXGroup;
			children = (
				04AF00D0262CFCF000AE1D79 /* ImagesModel.swift */,
				04AF00D3262CFDA600AE1D79 /* ImagesList.swift */,
				04AF00D6262D0ABD00AE1D79 /* SoundFile.swift */,
				04AF00D9262D0E2200AE1D79 /* Animal.swift */,
				04AF00DC262D0E5600AE1D79 /* Human.swift */,
				04AF00E2262D103000AE1D79 /* WithOutMP3.swift */,
				04AF00E6262D143B00AE1D79 /* ChangeColor.swift */,
			);
			path = Model;
			sourceTree = "<group>";
		};
		04AF00CA262CF70D00AE1D79 /* View */ = {
			isa = PBXGroup;
			children = (
				04AF00B1262CF53700AE1D79 /* Main.storyboard */,
				04AF00B4262CF53A00AE1D79 /* Assets.xcassets */,
			);
			path = View;
			sourceTree = "<group>";
		};
		04AF00CB262CF71700AE1D79 /* Controller */ = {
			isa = PBXGroup;
			children = (
				04AF00AB262CF53700AE1D79 /* AppDelegate.swift */,
				04AF00AD262CF53700AE1D79 /* SceneDelegate.swift */,
				04AF00AF262CF53700AE1D79 /* ViewController.swift */,
				04AF00CD262CF7CE00AE1D79 /* NextViewController.swift */,
			);
			path = Controller;
			sourceTree = "<group>";
		};
/* End PBXGroup section */

/* Begin PBXNativeTarget section */
		04AF00A7262CF53700AE1D79 /* QuestionApp1 */ = {
			isa = PBXNativeTarget;
			buildConfigurationList = 04AF00BC262CF53A00AE1D79 /* Build configuration list for PBXNativeTarget "QuestionApp1" */;
			buildPhases = (
				04AF00A4262CF53700AE1D79 /* Sources */,
				04AF00A5262CF53700AE1D79 /* Frameworks */,
				04AF00A6262CF53700AE1D79 /* Resources */,
			);
			buildRules = (
			);
			dependencies = (
			);
			name = QuestionApp1;
			productName = QuestionApp1;
			productReference = 04AF00A8262CF53700AE1D79 /* QuestionApp1.app */;
			productType = "com.apple.product-type.application";
		};
/* End PBXNativeTarget section */

/* Begin PBXProject section */
		04AF00A0262CF53700AE1D79 /* Project object */ = {
			isa = PBXProject;
			attributes = {
				LastSwiftUpdateCheck = 1240;
				LastUpgradeCheck = 1240;
				TargetAttributes = {
					04AF00A7262CF53700AE1D79 = {
						CreatedOnToolsVersion = 12.4;
					};
				};
			};
			buildConfigurationList = 04AF00A3262CF53700AE1D79 /* Build configuration list for PBXProject "QuestionApp1" */;
			compatibilityVersion = "Xcode 9.3";
			developmentRegion = en;
			hasScannedForEncodings = 0;
			knownRegions = (
				en,
				Base,
			);
			mainGroup = 04AF009F262CF53700AE1D79;
			productRefGroup = 04AF00A9262CF53700AE1D79 /* Products */;
			projectDirPath = "";
			projectRoot = "";
			targets = (
				04AF00A7262CF53700AE1D79 /* QuestionApp1 */,
			);
		};
/* End PBXProject section */

/* Begin PBXResourcesBuildPhase section */
		04AF00A6262CF53700AE1D79 /* Resources */ = {
			isa = PBXResourcesBuildPhase;
			buildActionMask = 2147483647;
			files = (
				04AF00C2262CF68700AE1D79 /* batsuSound.mp3 in Resources */,
				04AF00B8262CF53A00AE1D79 /* LaunchScreen.storyboard in Resources */,
				04AF00B5262CF53A00AE1D79 /* Assets.xcassets in Resources */,
				04AF00B3262CF53700AE1D79 /* Main.storyboard in Resources */,
				04AF00C6262CF69400AE1D79 /* sound.mp3 in Resources */,
				04AF00C7262CF69400AE1D79 /* maruSound.mp3 in Resources */,
			);
			runOnlyForDeploymentPostprocessing = 0;
		};
/* End PBXResourcesBuildPhase section */

/* Begin PBXSourcesBuildPhase section */
		04AF00A4262CF53700AE1D79 /* Sources */ = {
			isa = PBXSourcesBuildPhase;
			buildActionMask = 2147483647;
			files = (
				04AF00B0262CF53700AE1D79 /* ViewController.swift in Sources */,
				04AF00E7262D143B00AE1D79 /* ChangeColor.swift in Sources */,
				04AF00DA262D0E2200AE1D79 /* Animal.swift in Sources */,
				04AF00D7262D0ABD00AE1D79 /* SoundFile.swift in Sources */,
				04AF00D4262CFDA600AE1D79 /* ImagesList.swift in Sources */,
				04AF00DD262D0E5600AE1D79 /* Human.swift in Sources */,
				04AF00CE262CF7CE00AE1D79 /* NextViewController.swift in Sources */,
				04AF00AC262CF53700AE1D79 /* AppDelegate.swift in Sources */,
				04AF00E3262D103000AE1D79 /* WithOutMP3.swift in Sources */,
				04AF00AE262CF53700AE1D79 /* SceneDelegate.swift in Sources */,
				04AF00D1262CFCF000AE1D79 /* ImagesModel.swift in Sources */,
			);
			runOnlyForDeploymentPostprocessing = 0;
		};
/* End PBXSourcesBuildPhase section */

/* Begin PBXVariantGroup section */
		04AF00B1262CF53700AE1D79 /* Main.storyboard */ = {
			isa = PBXVariantGroup;
			children = (
				04AF00B2262CF53700AE1D79 /* Base */,
			);
			name = Main.storyboard;
			sourceTree = "<group>";
		};
		04AF00B6262CF53A00AE1D79 /* LaunchScreen.storyboard */ = {
			isa = PBXVariantGroup;
			children = (
				04AF00B7262CF53A00AE1D79 /* Base */,
			);
			name = LaunchScreen.storyboard;
			sourceTree = "<group>";
		};
/* End PBXVariantGroup section */

/* Begin XCBuildConfiguration section */
		04AF00BA262CF53A00AE1D79 /* Debug */ = {
			isa = XCBuildConfiguration;
			buildSettings = {
				ALWAYS_SEARCH_USER_PATHS = NO;
				CLANG_ANALYZER_NONNULL = YES;
				CLANG_ANALYZER_NUMBER_OBJECT_CONVERSION = YES_AGGRESSIVE;
				CLANG_CXX_LANGUAGE_STANDARD = "gnu++14";
				CLANG_CXX_LIBRARY = "libc++";
				CLANG_ENABLE_MODULES = YES;
				CLANG_ENABLE_OBJC_ARC = YES;
				CLANG_ENABLE_OBJC_WEAK = YES;
				CLANG_WARN_BLOCK_CAPTURE_AUTORELEASING = YES;
				CLANG_WARN_BOOL_CONVERSION = YES;
				CLANG_WARN_COMMA = YES;
				CLANG_WARN_CONSTANT_CONVERSION = YES;
				CLANG_WARN_DEPRECATED_OBJC_IMPLEMENTATIONS = YES;
				CLANG_WARN_DIRECT_OBJC_ISA_USAGE = YES_ERROR;
				CLANG_WARN_DOCUMENTATION_COMMENTS = YES;
				CLANG_WARN_EMPTY_BODY = YES;
				CLANG_WARN_ENUM_CONVERSION = YES;
				CLANG_WARN_INFINITE_RECURSION = YES;
				CLANG_WARN_INT_CONVERSION = YES;
				CLANG_WARN_NON_LITERAL_NULL_CONVERSION = YES;
				CLANG_WARN_OBJC_IMPLICIT_RETAIN_SELF = YES;
				CLANG_WARN_OBJC_LITERAL_CONVERSION = YES;
				CLANG_WARN_OBJC_ROOT_CLASS = YES_ERROR;
				CLANG_WARN_QUOTED_INCLUDE_IN_FRAMEWORK_HEADER = YES;
				CLANG_WARN_RANGE_LOOP_ANALYSIS = YES;
				CLANG_WARN_STRICT_PROTOTYPES = YES;
				CLANG_WARN_SUSPICIOUS_MOVE = YES;
				CLANG_WARN_UNGUARDED_AVAILABILITY = YES_AGGRESSIVE;
				CLANG_WARN_UNREACHABLE_CODE = YES;
				CLANG_WARN__DUPLICATE_METHOD_MATCH = YES;
				COPY_PHASE_STRIP = NO;
				DEBUG_INFORMATION_FORMAT = dwarf;
				ENABLE_STRICT_OBJC_MSGSEND = YES;
				ENABLE_TESTABILITY = YES;
				GCC_C_LANGUAGE_STANDARD = gnu11;
				GCC_DYNAMIC_NO_PIC = NO;
				GCC_NO_COMMON_BLOCKS = YES;
				GCC_OPTIMIZATION_LEVEL = 0;
				GCC_PREPROCESSOR_DEFINITIONS = (
					"DEBUG=1",
					"$(inherited)",
				);
				GCC_WARN_64_TO_32_BIT_CONVERSION = YES;
				GCC_WARN_ABOUT_RETURN_TYPE = YES_ERROR;
				GCC_WARN_UNDECLARED_SELECTOR = YES;
				GCC_WARN_UNINITIALIZED_AUTOS = YES_AGGRESSIVE;
				GCC_WARN_UNUSED_FUNCTION = YES;
				GCC_WARN_UNUSED_VARIABLE = YES;
				IPHONEOS_DEPLOYMENT_TARGET = 14.4;
				MTL_ENABLE_DEBUG_INFO = INCLUDE_SOURCE;
				MTL_FAST_MATH = YES;
				ONLY_ACTIVE_ARCH = YES;
				SDKROOT = iphoneos;
				SWIFT_ACTIVE_COMPILATION_CONDITIONS = DEBUG;
				SWIFT_OPTIMIZATION_LEVEL = "-Onone";
			};
			name = Debug;
		};
		04AF00BB262CF53A00AE1D79 /* Release */ = {
			isa = XCBuildConfiguration;
			buildSettings = {
				ALWAYS_SEARCH_USER_PATHS = NO;
				CLANG_ANALYZER_NONNULL = YES;
				CLANG_ANALYZER_NUMBER_OBJECT_CONVERSION = YES_AGGRESSIVE;
				CLANG_CXX_LANGUAGE_STANDARD = "gnu++14";
				CLANG_CXX_LIBRARY = "libc++";
				CLANG_ENABLE_MODULES = YES;
				CLANG_ENABLE_OBJC_ARC = YES;
				CLANG_ENABLE_OBJC_WEAK = YES;
				CLANG_WARN_BLOCK_CAPTURE_AUTORELEASING = YES;
				CLANG_WARN_BOOL_CONVERSION = YES;
				CLANG_WARN_COMMA = YES;
				CLANG_WARN_CONSTANT_CONVERSION = YES;
				CLANG_WARN_DEPRECATED_OBJC_IMPLEMENTATIONS = YES;
				CLANG_WARN_DIRECT_OBJC_ISA_USAGE = YES_ERROR;
				CLANG_WARN_DOCUMENTATION_COMMENTS = YES;
				CLANG_WARN_EMPTY_BODY = YES;
				CLANG_WARN_ENUM_CONVERSION = YES;
				CLANG_WARN_INFINITE_RECURSION = YES;
				CLANG_WARN_INT_CONVERSION = YES;
				CLANG_WARN_NON_LITERAL_NULL_CONVERSION = YES;
				CLANG_WARN_OBJC_IMPLICIT_RETAIN_SELF = YES;
				CLANG_WARN_OBJC_LITERAL_CONVERSION = YES;
				CLANG_WARN_OBJC_ROOT_CLASS = YES_ERROR;
				CLANG_WARN_QUOTED_INCLUDE_IN_FRAMEWORK_HEADER = YES;
				CLANG_WARN_RANGE_LOOP_ANALYSIS = YES;
				CLANG_WARN_STRICT_PROTOTYPES = YES;
				CLANG_WARN_SUSPICIOUS_MOVE = YES;
				CLANG_WARN_UNGUARDED_AVAILABILITY = YES_AGGRESSIVE;
				CLANG_WARN_UNREACHABLE_CODE = YES;
				CLANG_WARN__DUPLICATE_METHOD_MATCH = YES;
				COPY_PHASE_STRIP = NO;
				DEBUG_INFORMATION_FORMAT = "dwarf-with-dsym";
				ENABLE_NS_ASSERTIONS = NO;
				ENABLE_STRICT_OBJC_MSGSEND = YES;
				GCC_C_LANGUAGE_STANDARD = gnu11;
				GCC_NO_COMMON_BLOCKS = YES;
				GCC_WARN_64_TO_32_BIT_CONVERSION = YES;
				GCC_WARN_ABOUT_RETURN_TYPE = YES_ERROR;
				GCC_WARN_UNDECLARED_SELECTOR = YES;
				GCC_WARN_UNINITIALIZED_AUTOS = YES_AGGRESSIVE;
				GCC_WARN_UNUSED_FUNCTION = YES;
				GCC_WARN_UNUSED_VARIABLE = YES;
				IPHONEOS_DEPLOYMENT_TARGET = 14.4;
				MTL_ENABLE_DEBUG_INFO = NO;
				MTL_FAST_MATH = YES;
				SDKROOT = iphoneos;
				SWIFT_COMPILATION_MODE = wholemodule;
				SWIFT_OPTIMIZATION_LEVEL = "-O";
				VALIDATE_PRODUCT = YES;
			};
			name = Release;
		};
		04AF00BD262CF53A00AE1D79 /* Debug */ = {
			isa = XCBuildConfiguration;
			buildSettings = {
				ASSETCATALOG_COMPILER_APPICON_NAME = AppIcon;
				ASSETCATALOG_COMPILER_GLOBAL_ACCENT_COLOR_NAME = AccentColor;
				CODE_SIGN_STYLE = Automatic;
				DEVELOPMENT_TEAM = L946HVJA7M;
				INFOPLIST_FILE = QuestionApp1/Info.plist;
				LD_RUNPATH_SEARCH_PATHS = (
					"$(inherited)",
					"@executable_path/Frameworks",
				);
				PRODUCT_BUNDLE_IDENTIFIER = com.biostudent.QuestionApp1;
				PRODUCT_NAME = "$(TARGET_NAME)";
				SWIFT_VERSION = 5.0;
				TARGETED_DEVICE_FAMILY = 1;
			};
			name = Debug;
		};
		04AF00BE262CF53A00AE1D79 /* Release */ = {
			isa = XCBuildConfiguration;
			buildSettings = {
				ASSETCATALOG_COMPILER_APPICON_NAME = AppIcon;
				ASSETCATALOG_COMPILER_GLOBAL_ACCENT_COLOR_NAME = AccentColor;
				CODE_SIGN_STYLE = Automatic;
				DEVELOPMENT_TEAM = L946HVJA7M;
				INFOPLIST_FILE = QuestionApp1/Info.plist;
				LD_RUNPATH_SEARCH_PATHS = (
					"$(inherited)",
					"@executable_path/Frameworks",
				);
				PRODUCT_BUNDLE_IDENTIFIER = com.biostudent.QuestionApp1;
				PRODUCT_NAME = "$(TARGET_NAME)";
				SWIFT_VERSION = 5.0;
				TARGETED_DEVICE_FAMILY = 1;
			};
			name = Release;
		};
/* End XCBuildConfiguration section */

/* Begin XCConfigurationList section */
		04AF00A3262CF53700AE1D79 /* Build configuration list for PBXProject "QuestionApp1" */ = {
			isa = XCConfigurationList;
			buildConfigurations = (
				04AF00BA262CF53A00AE1D79 /* Debug */,
				04AF00BB262CF53A00AE1D79 /* Release */,
			);
			defaultConfigurationIsVisible = 0;
			defaultConfigurationName = Release;
		};
		04AF00BC262CF53A00AE1D79 /* Build configuration list for PBXNativeTarget "QuestionApp1" */ = {
			isa = XCConfigurationList;
			buildConfigurations = (
				04AF00BD262CF53A00AE1D79 /* Debug */,
				04AF00BE262CF53A00AE1D79 /* Release */,
			);
			defaultConfigurationIsVisible = 0;
			defaultConfigurationName = Release;
		};
/* End XCConfigurationList section */
	};
	rootObject = 04AF00A0262CF53700AE1D79 /* Project object */;
}
